// !$*UTF8*$!
{
	archiveVersion = 1;
	classes = {
	};
	objectVersion = 50;
	objects = {

/* Begin PBXBuildFile section */
		1E30EB1D26DE1598007F2A45 /* Ray.swift in Sources */ = {isa = PBXBuildFile; fileRef = 1E30EB1C26DE1598007F2A45 /* Ray.swift */; };
		1E30EB1F26DE16E2007F2A45 /* Math.swift in Sources */ = {isa = PBXBuildFile; fileRef = 1E30EB1E26DE16E2007F2A45 /* Math.swift */; };
		1E30EB2126DE1CD0007F2A45 /* UIColor+Ext.swift in Sources */ = {isa = PBXBuildFile; fileRef = 1E30EB2026DE1CD0007F2A45 /* UIColor+Ext.swift */; };
		1E6C325B26DB7DBE00928DA5 /* AppDelegate.swift in Sources */ = {isa = PBXBuildFile; fileRef = 1E6C325A26DB7DBE00928DA5 /* AppDelegate.swift */; };
		1E6C325D26DB7DBE00928DA5 /* SceneDelegate.swift in Sources */ = {isa = PBXBuildFile; fileRef = 1E6C325C26DB7DBE00928DA5 /* SceneDelegate.swift */; };
		1E6C325F26DB7DBE00928DA5 /* ViewController.swift in Sources */ = {isa = PBXBuildFile; fileRef = 1E6C325E26DB7DBE00928DA5 /* ViewController.swift */; };
		1E6C326226DB7DBE00928DA5 /* Main.storyboard in Resources */ = {isa = PBXBuildFile; fileRef = 1E6C326026DB7DBE00928DA5 /* Main.storyboard */; };
		1E6C326426DB7DC000928DA5 /* Assets.xcassets in Resources */ = {isa = PBXBuildFile; fileRef = 1E6C326326DB7DC000928DA5 /* Assets.xcassets */; };
		1E6C326726DB7DC000928DA5 /* LaunchScreen.storyboard in Resources */ = {isa = PBXBuildFile; fileRef = 1E6C326526DB7DC000928DA5 /* LaunchScreen.storyboard */; };
		1E6C327226DB7DC000928DA5 /* SwiftRayTracingTests.swift in Sources */ = {isa = PBXBuildFile; fileRef = 1E6C327126DB7DC000928DA5 /* SwiftRayTracingTests.swift */; };
		1E6C327D26DB7DC000928DA5 /* SwiftRayTracingUITests.swift in Sources */ = {isa = PBXBuildFile; fileRef = 1E6C327C26DB7DC000928DA5 /* SwiftRayTracingUITests.swift */; };
		1E6C328C26DB7EA800928DA5 /* Vec3.swift in Sources */ = {isa = PBXBuildFile; fileRef = 1E6C328B26DB7EA800928DA5 /* Vec3.swift */; };
		1E6C328E26DB7F3A00928DA5 /* Drawer.swift in Sources */ = {isa = PBXBuildFile; fileRef = 1E6C328D26DB7F3A00928DA5 /* Drawer.swift */; };
		1E6C329326DB839E00928DA5 /* DrawView.swift in Sources */ = {isa = PBXBuildFile; fileRef = 1E6C329226DB839E00928DA5 /* DrawView.swift */; };
		1E700A5726E0BB4C0032322D /* HitRecord.swift in Sources */ = {isa = PBXBuildFile; fileRef = 1E700A5626E0BB4C0032322D /* HitRecord.swift */; };
		1E700A5926E0BB6F0032322D /* Hittable.swift in Sources */ = {isa = PBXBuildFile; fileRef = 1E700A5826E0BB6F0032322D /* Hittable.swift */; };
		1E700A5B26E0BB8B0032322D /* Sphere.swift in Sources */ = {isa = PBXBuildFile; fileRef = 1E700A5A26E0BB8B0032322D /* Sphere.swift */; };
		1E700A5D26E0C1F40032322D /* HittableList.swift in Sources */ = {isa = PBXBuildFile; fileRef = 1E700A5C26E0C1F40032322D /* HittableList.swift */; };
		1E700A5F26E0CFD80032322D /* Camera.swift in Sources */ = {isa = PBXBuildFile; fileRef = 1E700A5E26E0CFD80032322D /* Camera.swift */; };
/* End PBXBuildFile section */

/* Begin PBXContainerItemProxy section */
		1E6C326E26DB7DC000928DA5 /* PBXContainerItemProxy */ = {
			isa = PBXContainerItemProxy;
			containerPortal = 1E6C324F26DB7DBE00928DA5 /* Project object */;
			proxyType = 1;
			remoteGlobalIDString = 1E6C325626DB7DBE00928DA5;
			remoteInfo = SwiftRayTracing;
		};
		1E6C327926DB7DC000928DA5 /* PBXContainerItemProxy */ = {
			isa = PBXContainerItemProxy;
			containerPortal = 1E6C324F26DB7DBE00928DA5 /* Project object */;
			proxyType = 1;
			remoteGlobalIDString = 1E6C325626DB7DBE00928DA5;
			remoteInfo = SwiftRayTracing;
		};
/* End PBXContainerItemProxy section */

/* Begin PBXFileReference section */
		1E30EB1C26DE1598007F2A45 /* Ray.swift */ = {isa = PBXFileReference; lastKnownFileType = sourcecode.swift; path = Ray.swift; sourceTree = "<group>"; };
		1E30EB1E26DE16E2007F2A45 /* Math.swift */ = {isa = PBXFileReference; lastKnownFileType = sourcecode.swift; path = Math.swift; sourceTree = "<group>"; };
		1E30EB2026DE1CD0007F2A45 /* UIColor+Ext.swift */ = {isa = PBXFileReference; lastKnownFileType = sourcecode.swift; path = "UIColor+Ext.swift"; sourceTree = "<group>"; };
		1E6C325726DB7DBE00928DA5 /* SwiftRayTracing.app */ = {isa = PBXFileReference; explicitFileType = wrapper.application; includeInIndex = 0; path = SwiftRayTracing.app; sourceTree = BUILT_PRODUCTS_DIR; };
		1E6C325A26DB7DBE00928DA5 /* AppDelegate.swift */ = {isa = PBXFileReference; lastKnownFileType = sourcecode.swift; path = AppDelegate.swift; sourceTree = "<group>"; };
		1E6C325C26DB7DBE00928DA5 /* SceneDelegate.swift */ = {isa = PBXFileReference; lastKnownFileType = sourcecode.swift; path = SceneDelegate.swift; sourceTree = "<group>"; };
		1E6C325E26DB7DBE00928DA5 /* ViewController.swift */ = {isa = PBXFileReference; lastKnownFileType = sourcecode.swift; path = ViewController.swift; sourceTree = "<group>"; };
		1E6C326126DB7DBE00928DA5 /* Base */ = {isa = PBXFileReference; lastKnownFileType = file.storyboard; name = Base; path = Base.lproj/Main.storyboard; sourceTree = "<group>"; };
		1E6C326326DB7DC000928DA5 /* Assets.xcassets */ = {isa = PBXFileReference; lastKnownFileType = folder.assetcatalog; path = Assets.xcassets; sourceTree = "<group>"; };
		1E6C326626DB7DC000928DA5 /* Base */ = {isa = PBXFileReference; lastKnownFileType = file.storyboard; name = Base; path = Base.lproj/LaunchScreen.storyboard; sourceTree = "<group>"; };
		1E6C326826DB7DC000928DA5 /* Info.plist */ = {isa = PBXFileReference; lastKnownFileType = text.plist.xml; path = Info.plist; sourceTree = "<group>"; };
		1E6C326D26DB7DC000928DA5 /* SwiftRayTracingTests.xctest */ = {isa = PBXFileReference; explicitFileType = wrapper.cfbundle; includeInIndex = 0; path = SwiftRayTracingTests.xctest; sourceTree = BUILT_PRODUCTS_DIR; };
		1E6C327126DB7DC000928DA5 /* SwiftRayTracingTests.swift */ = {isa = PBXFileReference; lastKnownFileType = sourcecode.swift; path = SwiftRayTracingTests.swift; sourceTree = "<group>"; };
		1E6C327326DB7DC000928DA5 /* Info.plist */ = {isa = PBXFileReference; lastKnownFileType = text.plist.xml; path = Info.plist; sourceTree = "<group>"; };
		1E6C327826DB7DC000928DA5 /* SwiftRayTracingUITests.xctest */ = {isa = PBXFileReference; explicitFileType = wrapper.cfbundle; includeInIndex = 0; path = SwiftRayTracingUITests.xctest; sourceTree = BUILT_PRODUCTS_DIR; };
		1E6C327C26DB7DC000928DA5 /* SwiftRayTracingUITests.swift */ = {isa = PBXFileReference; lastKnownFileType = sourcecode.swift; path = SwiftRayTracingUITests.swift; sourceTree = "<group>"; };
		1E6C327E26DB7DC000928DA5 /* Info.plist */ = {isa = PBXFileReference; lastKnownFileType = text.plist.xml; path = Info.plist; sourceTree = "<group>"; };
		1E6C328B26DB7EA800928DA5 /* Vec3.swift */ = {isa = PBXFileReference; lastKnownFileType = sourcecode.swift; path = Vec3.swift; sourceTree = "<group>"; };
		1E6C328D26DB7F3A00928DA5 /* Drawer.swift */ = {isa = PBXFileReference; lastKnownFileType = sourcecode.swift; path = Drawer.swift; sourceTree = "<group>"; };
		1E6C329226DB839E00928DA5 /* DrawView.swift */ = {isa = PBXFileReference; lastKnownFileType = sourcecode.swift; path = DrawView.swift; sourceTree = "<group>"; };
		1E700A5626E0BB4C0032322D /* HitRecord.swift */ = {isa = PBXFileReference; lastKnownFileType = sourcecode.swift; path = HitRecord.swift; sourceTree = "<group>"; };
		1E700A5826E0BB6F0032322D /* Hittable.swift */ = {isa = PBXFileReference; lastKnownFileType = sourcecode.swift; path = Hittable.swift; sourceTree = "<group>"; };
		1E700A5A26E0BB8B0032322D /* Sphere.swift */ = {isa = PBXFileReference; lastKnownFileType = sourcecode.swift; path = Sphere.swift; sourceTree = "<group>"; };
		1E700A5C26E0C1F40032322D /* HittableList.swift */ = {isa = PBXFileReference; lastKnownFileType = sourcecode.swift; path = HittableList.swift; sourceTree = "<group>"; };
		1E700A5E26E0CFD80032322D /* Camera.swift */ = {isa = PBXFileReference; lastKnownFileType = sourcecode.swift; path = Camera.swift; sourceTree = "<group>"; };
/* End PBXFileReference section */

/* Begin PBXFrameworksBuildPhase section */
		1E6C325426DB7DBE00928DA5 /* Frameworks */ = {
			isa = PBXFrameworksBuildPhase;
			buildActionMask = 2147483647;
			files = (
			);
			runOnlyForDeploymentPostprocessing = 0;
		};
		1E6C326A26DB7DC000928DA5 /* Frameworks */ = {
			isa = PBXFrameworksBuildPhase;
			buildActionMask = 2147483647;
			files = (
			);
			runOnlyForDeploymentPostprocessing = 0;
		};
		1E6C327526DB7DC000928DA5 /* Frameworks */ = {
			isa = PBXFrameworksBuildPhase;
			buildActionMask = 2147483647;
			files = (
			);
			runOnlyForDeploymentPostprocessing = 0;
		};
/* End PBXFrameworksBuildPhase section */

/* Begin PBXGroup section */
		1E6C324E26DB7DBE00928DA5 = {
			isa = PBXGroup;
			children = (
				1E6C325926DB7DBE00928DA5 /* SwiftRayTracing */,
				1E6C327026DB7DC000928DA5 /* SwiftRayTracingTests */,
				1E6C327B26DB7DC000928DA5 /* SwiftRayTracingUITests */,
				1E6C325826DB7DBE00928DA5 /* Products */,
			);
			sourceTree = "<group>";
		};
		1E6C325826DB7DBE00928DA5 /* Products */ = {
			isa = PBXGroup;
			children = (
				1E6C325726DB7DBE00928DA5 /* SwiftRayTracing.app */,
				1E6C326D26DB7DC000928DA5 /* SwiftRayTracingTests.xctest */,
				1E6C327826DB7DC000928DA5 /* SwiftRayTracingUITests.xctest */,
			);
			name = Products;
			sourceTree = "<group>";
		};
		1E6C325926DB7DBE00928DA5 /* SwiftRayTracing */ = {
			isa = PBXGroup;
			children = (
				1E6C328A26DB7E9700928DA5 /* Library */,
				1E6C325A26DB7DBE00928DA5 /* AppDelegate.swift */,
				1E6C325C26DB7DBE00928DA5 /* SceneDelegate.swift */,
				1E6C329226DB839E00928DA5 /* DrawView.swift */,
				1E6C325E26DB7DBE00928DA5 /* ViewController.swift */,
				1E6C326026DB7DBE00928DA5 /* Main.storyboard */,
				1E6C326326DB7DC000928DA5 /* Assets.xcassets */,
				1E6C326526DB7DC000928DA5 /* LaunchScreen.storyboard */,
				1E6C326826DB7DC000928DA5 /* Info.plist */,
			);
			path = SwiftRayTracing;
			sourceTree = "<group>";
		};
		1E6C327026DB7DC000928DA5 /* SwiftRayTracingTests */ = {
			isa = PBXGroup;
			children = (
				1E6C327126DB7DC000928DA5 /* SwiftRayTracingTests.swift */,
				1E6C327326DB7DC000928DA5 /* Info.plist */,
			);
			path = SwiftRayTracingTests;
			sourceTree = "<group>";
		};
		1E6C327B26DB7DC000928DA5 /* SwiftRayTracingUITests */ = {
			isa = PBXGroup;
			children = (
				1E6C327C26DB7DC000928DA5 /* SwiftRayTracingUITests.swift */,
				1E6C327E26DB7DC000928DA5 /* Info.plist */,
			);
			path = SwiftRayTracingUITests;
			sourceTree = "<group>";
		};
		1E6C328A26DB7E9700928DA5 /* Library */ = {
			isa = PBXGroup;
			children = (
				1E6C328B26DB7EA800928DA5 /* Vec3.swift */,
				1E6C328D26DB7F3A00928DA5 /* Drawer.swift */,
				1E30EB1C26DE1598007F2A45 /* Ray.swift */,
				1E30EB1E26DE16E2007F2A45 /* Math.swift */,
				1E30EB2026DE1CD0007F2A45 /* UIColor+Ext.swift */,
				1E700A5626E0BB4C0032322D /* HitRecord.swift */,
				1E700A5826E0BB6F0032322D /* Hittable.swift */,
				1E700A5E26E0CFD80032322D /* Camera.swift */,
				1E700A5C26E0C1F40032322D /* HittableList.swift */,
				1E700A5A26E0BB8B0032322D /* Sphere.swift */,
			);
			path = Library;
			sourceTree = "<group>";
		};
/* End PBXGroup section */

/* Begin PBXNativeTarget section */
		1E6C325626DB7DBE00928DA5 /* SwiftRayTracing */ = {
			isa = PBXNativeTarget;
			buildConfigurationList = 1E6C328126DB7DC000928DA5 /* Build configuration list for PBXNativeTarget "SwiftRayTracing" */;
			buildPhases = (
				1E6C325326DB7DBE00928DA5 /* Sources */,
				1E6C325426DB7DBE00928DA5 /* Frameworks */,
				1E6C325526DB7DBE00928DA5 /* Resources */,
				1E6C329126DB7FEB00928DA5 /* ShellScript */,
			);
			buildRules = (
			);
			dependencies = (
			);
			name = SwiftRayTracing;
			productName = SwiftRayTracing;
			productReference = 1E6C325726DB7DBE00928DA5 /* SwiftRayTracing.app */;
			productType = "com.apple.product-type.application";
		};
		1E6C326C26DB7DC000928DA5 /* SwiftRayTracingTests */ = {
			isa = PBXNativeTarget;
			buildConfigurationList = 1E6C328426DB7DC000928DA5 /* Build configuration list for PBXNativeTarget "SwiftRayTracingTests" */;
			buildPhases = (
				1E6C326926DB7DC000928DA5 /* Sources */,
				1E6C326A26DB7DC000928DA5 /* Frameworks */,
				1E6C326B26DB7DC000928DA5 /* Resources */,
			);
			buildRules = (
			);
			dependencies = (
				1E6C326F26DB7DC000928DA5 /* PBXTargetDependency */,
			);
			name = SwiftRayTracingTests;
			productName = SwiftRayTracingTests;
			productReference = 1E6C326D26DB7DC000928DA5 /* SwiftRayTracingTests.xctest */;
			productType = "com.apple.product-type.bundle.unit-test";
		};
		1E6C327726DB7DC000928DA5 /* SwiftRayTracingUITests */ = {
			isa = PBXNativeTarget;
			buildConfigurationList = 1E6C328726DB7DC000928DA5 /* Build configuration list for PBXNativeTarget "SwiftRayTracingUITests" */;
			buildPhases = (
				1E6C327426DB7DC000928DA5 /* Sources */,
				1E6C327526DB7DC000928DA5 /* Frameworks */,
				1E6C327626DB7DC000928DA5 /* Resources */,
			);
			buildRules = (
			);
			dependencies = (
				1E6C327A26DB7DC000928DA5 /* PBXTargetDependency */,
			);
			name = SwiftRayTracingUITests;
			productName = SwiftRayTracingUITests;
			productReference = 1E6C327826DB7DC000928DA5 /* SwiftRayTracingUITests.xctest */;
			productType = "com.apple.product-type.bundle.ui-testing";
		};
/* End PBXNativeTarget section */

/* Begin PBXProject section */
		1E6C324F26DB7DBE00928DA5 /* Project object */ = {
			isa = PBXProject;
			attributes = {
				LastSwiftUpdateCheck = 1250;
				LastUpgradeCheck = 1250;
				TargetAttributes = {
					1E6C325626DB7DBE00928DA5 = {
						CreatedOnToolsVersion = 12.5.1;
					};
					1E6C326C26DB7DC000928DA5 = {
						CreatedOnToolsVersion = 12.5.1;
						TestTargetID = 1E6C325626DB7DBE00928DA5;
					};
					1E6C327726DB7DC000928DA5 = {
						CreatedOnToolsVersion = 12.5.1;
						TestTargetID = 1E6C325626DB7DBE00928DA5;
					};
				};
			};
			buildConfigurationList = 1E6C325226DB7DBE00928DA5 /* Build configuration list for PBXProject "SwiftRayTracing" */;
			compatibilityVersion = "Xcode 9.3";
			developmentRegion = en;
			hasScannedForEncodings = 0;
			knownRegions = (
				en,
				Base,
			);
			mainGroup = 1E6C324E26DB7DBE00928DA5;
			productRefGroup = 1E6C325826DB7DBE00928DA5 /* Products */;
			projectDirPath = "";
			projectRoot = "";
			targets = (
				1E6C325626DB7DBE00928DA5 /* SwiftRayTracing */,
				1E6C326C26DB7DC000928DA5 /* SwiftRayTracingTests */,
				1E6C327726DB7DC000928DA5 /* SwiftRayTracingUITests */,
			);
		};
/* End PBXProject section */

/* Begin PBXResourcesBuildPhase section */
		1E6C325526DB7DBE00928DA5 /* Resources */ = {
			isa = PBXResourcesBuildPhase;
			buildActionMask = 2147483647;
			files = (
				1E6C326726DB7DC000928DA5 /* LaunchScreen.storyboard in Resources */,
				1E6C326426DB7DC000928DA5 /* Assets.xcassets in Resources */,
				1E6C326226DB7DBE00928DA5 /* Main.storyboard in Resources */,
			);
			runOnlyForDeploymentPostprocessing = 0;
		};
		1E6C326B26DB7DC000928DA5 /* Resources */ = {
			isa = PBXResourcesBuildPhase;
			buildActionMask = 2147483647;
			files = (
			);
			runOnlyForDeploymentPostprocessing = 0;
		};
		1E6C327626DB7DC000928DA5 /* Resources */ = {
			isa = PBXResourcesBuildPhase;
			buildActionMask = 2147483647;
			files = (
			);
			runOnlyForDeploymentPostprocessing = 0;
		};
/* End PBXResourcesBuildPhase section */

/* Begin PBXShellScriptBuildPhase section */
		1E6C329126DB7FEB00928DA5 /* ShellScript */ = {
			isa = PBXShellScriptBuildPhase;
			buildActionMask = 2147483647;
			files = (
			);
			inputFileListPaths = (
			);
			inputPaths = (
			);
			outputFileListPaths = (
			);
			outputPaths = (
			);
			runOnlyForDeploymentPostprocessing = 0;
			shellPath = /bin/sh;
			shellScript = "if which swiftlint >/dev/null; then\n  swiftlint --fix --format\n  swiftlint\nelse\n  echo \"warning: SwiftLint not installed, download from https://github.com/realm/SwiftLint\"\nfi\n";
		};
/* End PBXShellScriptBuildPhase section */

/* Begin PBXSourcesBuildPhase section */
		1E6C325326DB7DBE00928DA5 /* Sources */ = {
			isa = PBXSourcesBuildPhase;
			buildActionMask = 2147483647;
			files = (
				1E30EB1D26DE1598007F2A45 /* Ray.swift in Sources */,
				1E700A5926E0BB6F0032322D /* Hittable.swift in Sources */,
				1E700A5B26E0BB8B0032322D /* Sphere.swift in Sources */,
				1E6C325F26DB7DBE00928DA5 /* ViewController.swift in Sources */,
				1E30EB1F26DE16E2007F2A45 /* Math.swift in Sources */,
				1E6C328E26DB7F3A00928DA5 /* Drawer.swift in Sources */,
				1E700A5D26E0C1F40032322D /* HittableList.swift in Sources */,
				1E6C329326DB839E00928DA5 /* DrawView.swift in Sources */,
				1E6C325B26DB7DBE00928DA5 /* AppDelegate.swift in Sources */,
				1E6C328C26DB7EA800928DA5 /* Vec3.swift in Sources */,
				1E30EB2126DE1CD0007F2A45 /* UIColor+Ext.swift in Sources */,
				1E700A5726E0BB4C0032322D /* HitRecord.swift in Sources */,
				1E700A5F26E0CFD80032322D /* Camera.swift in Sources */,
				1E6C325D26DB7DBE00928DA5 /* SceneDelegate.swift in Sources */,
			);
			runOnlyForDeploymentPostprocessing = 0;
		};
		1E6C326926DB7DC000928DA5 /* Sources */ = {
			isa = PBXSourcesBuildPhase;
			buildActionMask = 2147483647;
			files = (
				1E6C327226DB7DC000928DA5 /* SwiftRayTracingTests.swift in Sources */,
			);
			runOnlyForDeploymentPostprocessing = 0;
		};
		1E6C327426DB7DC000928DA5 /* Sources */ = {
			isa = PBXSourcesBuildPhase;
			buildActionMask = 2147483647;
			files = (
				1E6C327D26DB7DC000928DA5 /* SwiftRayTracingUITests.swift in Sources */,
			);
			runOnlyForDeploymentPostprocessing = 0;
		};
/* End PBXSourcesBuildPhase section */

/* Begin PBXTargetDependency section */
		1E6C326F26DB7DC000928DA5 /* PBXTargetDependency */ = {
			isa = PBXTargetDependency;
			target = 1E6C325626DB7DBE00928DA5 /* SwiftRayTracing */;
			targetProxy = 1E6C326E26DB7DC000928DA5 /* PBXContainerItemProxy */;
		};
		1E6C327A26DB7DC000928DA5 /* PBXTargetDependency */ = {
			isa = PBXTargetDependency;
			target = 1E6C325626DB7DBE00928DA5 /* SwiftRayTracing */;
			targetProxy = 1E6C327926DB7DC000928DA5 /* PBXContainerItemProxy */;
		};
/* End PBXTargetDependency section */

/* Begin PBXVariantGroup section */
		1E6C326026DB7DBE00928DA5 /* Main.storyboard */ = {
			isa = PBXVariantGroup;
			children = (
				1E6C326126DB7DBE00928DA5 /* Base */,
			);
			name = Main.storyboard;
			sourceTree = "<group>";
		};
		1E6C326526DB7DC000928DA5 /* LaunchScreen.storyboard */ = {
			isa = PBXVariantGroup;
			children = (
				1E6C326626DB7DC000928DA5 /* Base */,
			);
			name = LaunchScreen.storyboard;
			sourceTree = "<group>";
		};
/* End PBXVariantGroup section */

/* Begin XCBuildConfiguration section */
		1E6C327F26DB7DC000928DA5 /* Debug */ = {
			isa = XCBuildConfiguration;
			buildSettings = {
				ALWAYS_SEARCH_USER_PATHS = NO;
				CLANG_ANALYZER_NONNULL = YES;
				CLANG_ANALYZER_NUMBER_OBJECT_CONVERSION = YES_AGGRESSIVE;
				CLANG_CXX_LANGUAGE_STANDARD = "gnu++14";
				CLANG_CXX_LIBRARY = "libc++";
				CLANG_ENABLE_MODULES = YES;
				CLANG_ENABLE_OBJC_ARC = YES;
				CLANG_ENABLE_OBJC_WEAK = YES;
				CLANG_WARN_BLOCK_CAPTURE_AUTORELEASING = YES;
				CLANG_WARN_BOOL_CONVERSION = YES;
				CLANG_WARN_COMMA = YES;
				CLANG_WARN_CONSTANT_CONVERSION = YES;
				CLANG_WARN_DEPRECATED_OBJC_IMPLEMENTATIONS = YES;
				CLANG_WARN_DIRECT_OBJC_ISA_USAGE = YES_ERROR;
				CLANG_WARN_DOCUMENTATION_COMMENTS = YES;
				CLANG_WARN_EMPTY_BODY = YES;
				CLANG_WARN_ENUM_CONVERSION = YES;
				CLANG_WARN_INFINITE_RECURSION = YES;
				CLANG_WARN_INT_CONVERSION = YES;
				CLANG_WARN_NON_LITERAL_NULL_CONVERSION = YES;
				CLANG_WARN_OBJC_IMPLICIT_RETAIN_SELF = YES;
				CLANG_WARN_OBJC_LITERAL_CONVERSION = YES;
				CLANG_WARN_OBJC_ROOT_CLASS = YES_ERROR;
				CLANG_WARN_QUOTED_INCLUDE_IN_FRAMEWORK_HEADER = YES;
				CLANG_WARN_RANGE_LOOP_ANALYSIS = YES;
				CLANG_WARN_STRICT_PROTOTYPES = YES;
				CLANG_WARN_SUSPICIOUS_MOVE = YES;
				CLANG_WARN_UNGUARDED_AVAILABILITY = YES_AGGRESSIVE;
				CLANG_WARN_UNREACHABLE_CODE = YES;
				CLANG_WARN__DUPLICATE_METHOD_MATCH = YES;
				COPY_PHASE_STRIP = NO;
				DEBUG_INFORMATION_FORMAT = dwarf;
				ENABLE_STRICT_OBJC_MSGSEND = YES;
				ENABLE_TESTABILITY = YES;
				GCC_C_LANGUAGE_STANDARD = gnu11;
				GCC_DYNAMIC_NO_PIC = NO;
				GCC_NO_COMMON_BLOCKS = YES;
				GCC_OPTIMIZATION_LEVEL = 0;
				GCC_PREPROCESSOR_DEFINITIONS = (
					"DEBUG=1",
					"$(inherited)",
				);
				GCC_WARN_64_TO_32_BIT_CONVERSION = YES;
				GCC_WARN_ABOUT_RETURN_TYPE = YES_ERROR;
				GCC_WARN_UNDECLARED_SELECTOR = YES;
				GCC_WARN_UNINITIALIZED_AUTOS = YES_AGGRESSIVE;
				GCC_WARN_UNUSED_FUNCTION = YES;
				GCC_WARN_UNUSED_VARIABLE = YES;
				IPHONEOS_DEPLOYMENT_TARGET = 14.5;
				MTL_ENABLE_DEBUG_INFO = INCLUDE_SOURCE;
				MTL_FAST_MATH = YES;
				ONLY_ACTIVE_ARCH = YES;
				SDKROOT = iphoneos;
				SWIFT_ACTIVE_COMPILATION_CONDITIONS = DEBUG;
				SWIFT_OPTIMIZATION_LEVEL = "-Onone";
			};
			name = Debug;
		};
		1E6C328026DB7DC000928DA5 /* Release */ = {
			isa = XCBuildConfiguration;
			buildSettings = {
				ALWAYS_SEARCH_USER_PATHS = NO;
				CLANG_ANALYZER_NONNULL = YES;
				CLANG_ANALYZER_NUMBER_OBJECT_CONVERSION = YES_AGGRESSIVE;
				CLANG_CXX_LANGUAGE_STANDARD = "gnu++14";
				CLANG_CXX_LIBRARY = "libc++";
				CLANG_ENABLE_MODULES = YES;
				CLANG_ENABLE_OBJC_ARC = YES;
				CLANG_ENABLE_OBJC_WEAK = YES;
				CLANG_WARN_BLOCK_CAPTURE_AUTORELEASING = YES;
				CLANG_WARN_BOOL_CONVERSION = YES;
				CLANG_WARN_COMMA = YES;
				CLANG_WARN_CONSTANT_CONVERSION = YES;
				CLANG_WARN_DEPRECATED_OBJC_IMPLEMENTATIONS = YES;
				CLANG_WARN_DIRECT_OBJC_ISA_USAGE = YES_ERROR;
				CLANG_WARN_DOCUMENTATION_COMMENTS = YES;
				CLANG_WARN_EMPTY_BODY = YES;
				CLANG_WARN_ENUM_CONVERSION = YES;
				CLANG_WARN_INFINITE_RECURSION = YES;
				CLANG_WARN_INT_CONVERSION = YES;
				CLANG_WARN_NON_LITERAL_NULL_CONVERSION = YES;
				CLANG_WARN_OBJC_IMPLICIT_RETAIN_SELF = YES;
				CLANG_WARN_OBJC_LITERAL_CONVERSION = YES;
				CLANG_WARN_OBJC_ROOT_CLASS = YES_ERROR;
				CLANG_WARN_QUOTED_INCLUDE_IN_FRAMEWORK_HEADER = YES;
				CLANG_WARN_RANGE_LOOP_ANALYSIS = YES;
				CLANG_WARN_STRICT_PROTOTYPES = YES;
				CLANG_WARN_SUSPICIOUS_MOVE = YES;
				CLANG_WARN_UNGUARDED_AVAILABILITY = YES_AGGRESSIVE;
				CLANG_WARN_UNREACHABLE_CODE = YES;
				CLANG_WARN__DUPLICATE_METHOD_MATCH = YES;
				COPY_PHASE_STRIP = NO;
				DEBUG_INFORMATION_FORMAT = "dwarf-with-dsym";
				ENABLE_NS_ASSERTIONS = NO;
				ENABLE_STRICT_OBJC_MSGSEND = YES;
				GCC_C_LANGUAGE_STANDARD = gnu11;
				GCC_NO_COMMON_BLOCKS = YES;
				GCC_WARN_64_TO_32_BIT_CONVERSION = YES;
				GCC_WARN_ABOUT_RETURN_TYPE = YES_ERROR;
				GCC_WARN_UNDECLARED_SELECTOR = YES;
				GCC_WARN_UNINITIALIZED_AUTOS = YES_AGGRESSIVE;
				GCC_WARN_UNUSED_FUNCTION = YES;
				GCC_WARN_UNUSED_VARIABLE = YES;
				IPHONEOS_DEPLOYMENT_TARGET = 14.5;
				MTL_ENABLE_DEBUG_INFO = NO;
				MTL_FAST_MATH = YES;
				SDKROOT = iphoneos;
				SWIFT_COMPILATION_MODE = wholemodule;
				SWIFT_OPTIMIZATION_LEVEL = "-O";
				VALIDATE_PRODUCT = YES;
			};
			name = Release;
		};
		1E6C328226DB7DC000928DA5 /* Debug */ = {
			isa = XCBuildConfiguration;
			buildSettings = {
				ASSETCATALOG_COMPILER_APPICON_NAME = AppIcon;
				ASSETCATALOG_COMPILER_GLOBAL_ACCENT_COLOR_NAME = AccentColor;
				CODE_SIGN_STYLE = Automatic;
				DEVELOPMENT_TEAM = P67QP7Z567;
				INFOPLIST_FILE = SwiftRayTracing/Info.plist;
				LD_RUNPATH_SEARCH_PATHS = (
					"$(inherited)",
					"@executable_path/Frameworks",
				);
				PRODUCT_BUNDLE_IDENTIFIER = Examples.app.SwiftRayTracing;
				PRODUCT_NAME = "$(TARGET_NAME)";
				SWIFT_VERSION = 5.0;
				TARGETED_DEVICE_FAMILY = "1,2";
			};
			name = Debug;
		};
		1E6C328326DB7DC000928DA5 /* Release */ = {
			isa = XCBuildConfiguration;
			buildSettings = {
				ASSETCATALOG_COMPILER_APPICON_NAME = AppIcon;
				ASSETCATALOG_COMPILER_GLOBAL_ACCENT_COLOR_NAME = AccentColor;
				CODE_SIGN_STYLE = Automatic;
				DEVELOPMENT_TEAM = P67QP7Z567;
				INFOPLIST_FILE = SwiftRayTracing/Info.plist;
				LD_RUNPATH_SEARCH_PATHS = (
					"$(inherited)",
					"@executable_path/Frameworks",
				);
				PRODUCT_BUNDLE_IDENTIFIER = Examples.app.SwiftRayTracing;
				PRODUCT_NAME = "$(TARGET_NAME)";
				SWIFT_VERSION = 5.0;
				TARGETED_DEVICE_FAMILY = "1,2";
			};
			name = Release;
		};
		1E6C328526DB7DC000928DA5 /* Debug */ = {
			isa = XCBuildConfiguration;
			buildSettings = {
				ALWAYS_EMBED_SWIFT_STANDARD_LIBRARIES = YES;
				BUNDLE_LOADER = "$(TEST_HOST)";
				CODE_SIGN_STYLE = Automatic;
				DEVELOPMENT_TEAM = P67QP7Z567;
				INFOPLIST_FILE = SwiftRayTracingTests/Info.plist;
				IPHONEOS_DEPLOYMENT_TARGET = 14.5;
				LD_RUNPATH_SEARCH_PATHS = (
					"$(inherited)",
					"@executable_path/Frameworks",
					"@loader_path/Frameworks",
				);
				PRODUCT_BUNDLE_IDENTIFIER = Examples.app.SwiftRayTracingTests;
				PRODUCT_NAME = "$(TARGET_NAME)";
				SWIFT_VERSION = 5.0;
				TARGETED_DEVICE_FAMILY = "1,2";
				TEST_HOST = "$(BUILT_PRODUCTS_DIR)/SwiftRayTracing.app/SwiftRayTracing";
			};
			name = Debug;
		};
		1E6C328626DB7DC000928DA5 /* Release */ = {
			isa = XCBuildConfiguration;
			buildSettings = {
				ALWAYS_EMBED_SWIFT_STANDARD_LIBRARIES = YES;
				BUNDLE_LOADER = "$(TEST_HOST)";
				CODE_SIGN_STYLE = Automatic;
				DEVELOPMENT_TEAM = P67QP7Z567;
				INFOPLIST_FILE = SwiftRayTracingTests/Info.plist;
				IPHONEOS_DEPLOYMENT_TARGET = 14.5;
				LD_RUNPATH_SEARCH_PATHS = (
					"$(inherited)",
					"@executable_path/Frameworks",
					"@loader_path/Frameworks",
				);
				PRODUCT_BUNDLE_IDENTIFIER = Examples.app.SwiftRayTracingTests;
				PRODUCT_NAME = "$(TARGET_NAME)";
				SWIFT_VERSION = 5.0;
				TARGETED_DEVICE_FAMILY = "1,2";
				TEST_HOST = "$(BUILT_PRODUCTS_DIR)/SwiftRayTracing.app/SwiftRayTracing";
			};
			name = Release;
		};
		1E6C328826DB7DC000928DA5 /* Debug */ = {
			isa = XCBuildConfiguration;
			buildSettings = {
				ALWAYS_EMBED_SWIFT_STANDARD_LIBRARIES = YES;
				CODE_SIGN_STYLE = Automatic;
				DEVELOPMENT_TEAM = P67QP7Z567;
				INFOPLIST_FILE = SwiftRayTracingUITests/Info.plist;
				LD_RUNPATH_SEARCH_PATHS = (
					"$(inherited)",
					"@executable_path/Frameworks",
					"@loader_path/Frameworks",
				);
				PRODUCT_BUNDLE_IDENTIFIER = Examples.app.SwiftRayTracingUITests;
				PRODUCT_NAME = "$(TARGET_NAME)";
				SWIFT_VERSION = 5.0;
				TARGETED_DEVICE_FAMILY = "1,2";
				TEST_TARGET_NAME = SwiftRayTracing;
			};
			name = Debug;
		};
		1E6C328926DB7DC000928DA5 /* Release */ = {
			isa = XCBuildConfiguration;
			buildSettings = {
				ALWAYS_EMBED_SWIFT_STANDARD_LIBRARIES = YES;
				CODE_SIGN_STYLE = Automatic;
				DEVELOPMENT_TEAM = P67QP7Z567;
				INFOPLIST_FILE = SwiftRayTracingUITests/Info.plist;
				LD_RUNPATH_SEARCH_PATHS = (
					"$(inherited)",
					"@executable_path/Frameworks",
					"@loader_path/Frameworks",
				);
				PRODUCT_BUNDLE_IDENTIFIER = Examples.app.SwiftRayTracingUITests;
				PRODUCT_NAME = "$(TARGET_NAME)";
				SWIFT_VERSION = 5.0;
				TARGETED_DEVICE_FAMILY = "1,2";
				TEST_TARGET_NAME = SwiftRayTracing;
			};
			name = Release;
		};
/* End XCBuildConfiguration section */

/* Begin XCConfigurationList section */
		1E6C325226DB7DBE00928DA5 /* Build configuration list for PBXProject "SwiftRayTracing" */ = {
			isa = XCConfigurationList;
			buildConfigurations = (
				1E6C327F26DB7DC000928DA5 /* Debug */,
				1E6C328026DB7DC000928DA5 /* Release */,
			);
			defaultConfigurationIsVisible = 0;
			defaultConfigurationName = Release;
		};
		1E6C328126DB7DC000928DA5 /* Build configuration list for PBXNativeTarget "SwiftRayTracing" */ = {
			isa = XCConfigurationList;
			buildConfigurations = (
				1E6C328226DB7DC000928DA5 /* Debug */,
				1E6C328326DB7DC000928DA5 /* Release */,
			);
			defaultConfigurationIsVisible = 0;
			defaultConfigurationName = Release;
		};
		1E6C328426DB7DC000928DA5 /* Build configuration list for PBXNativeTarget "SwiftRayTracingTests" */ = {
			isa = XCConfigurationList;
			buildConfigurations = (
				1E6C328526DB7DC000928DA5 /* Debug */,
				1E6C328626DB7DC000928DA5 /* Release */,
			);
			defaultConfigurationIsVisible = 0;
			defaultConfigurationName = Release;
		};
		1E6C328726DB7DC000928DA5 /* Build configuration list for PBXNativeTarget "SwiftRayTracingUITests" */ = {
			isa = XCConfigurationList;
			buildConfigurations = (
				1E6C328826DB7DC000928DA5 /* Debug */,
				1E6C328926DB7DC000928DA5 /* Release */,
			);
			defaultConfigurationIsVisible = 0;
			defaultConfigurationName = Release;
		};
/* End XCConfigurationList section */
	};
	rootObject = 1E6C324F26DB7DBE00928DA5 /* Project object */;
}
